<?xml version="1.0" encoding="utf-8"?>
<Project ToolsVersion="4.0" xmlns="http://schemas.microsoft.com/developer/msbuild/2003">
  <ItemGroup>
    <Filter Include="Pattern">
      <UniqueIdentifier>{a93600fe-60f6-493c-91f5-51b175b1ec12}</UniqueIdentifier>
    </Filter>
    <Filter Include="Scene">
      <UniqueIdentifier>{2f33735c-c148-4b8c-ae0f-8feb2e3f314d}</UniqueIdentifier>
    </Filter>
    <Filter Include="App">
      <UniqueIdentifier>{1db65f04-f326-464d-8e29-14b0054cbacd}</UniqueIdentifier>
    </Filter>
    <Filter Include="Main">
      <UniqueIdentifier>{0e40d10b-b9ca-4c59-bfc7-4fe880196c7c}</UniqueIdentifier>
    </Filter>
    <Filter Include="Container">
      <UniqueIdentifier>{66b13043-35ae-4c33-9a8a-dca1ee16e473}</UniqueIdentifier>
    </Filter>
    <Filter Include="Interface">
      <UniqueIdentifier>{96982a4f-bf1f-4a67-b79c-aa1d50b9dc65}</UniqueIdentifier>
    </Filter>
    <Filter Include="Object">
      <UniqueIdentifier>{b8acd8d8-283f-402b-9844-65ecb75673f0}</UniqueIdentifier>
    </Filter>
    <Filter Include="IO">
      <UniqueIdentifier>{7b937016-b300-4333-8d6a-1c598ed53815}</UniqueIdentifier>
    </Filter>
    <Filter Include="Main\App">
      <UniqueIdentifier>{22c23728-fcd8-41fd-8213-79d88958b81c}</UniqueIdentifier>
    </Filter>
    <Filter Include="Main\Scene">
      <UniqueIdentifier>{a43b17f3-f549-4909-bbbd-ccbd73228c1b}</UniqueIdentifier>
    </Filter>
    <Filter Include="Main\Student">
      <UniqueIdentifier>{f1e581e3-4160-4936-8cd6-e398abfd1f7e}</UniqueIdentifier>
    </Filter>
  </ItemGroup>
  <ItemGroup>
    <ClInclude Include="Singleton.h">
      <Filter>Pattern</Filter>
    </ClInclude>
    <ClInclude Include="Singleton.hpp">
      <Filter>Pattern</Filter>
    </ClInclude>
    <ClInclude Include="Application.h">
      <Filter>App</Filter>
    </ClInclude>
    <ClInclude Include="Application.hpp">
      <Filter>App</Filter>
    </ClInclude>
    <ClInclude Include="SceneController.h">
      <Filter>Scene</Filter>
    </ClInclude>
    <ClInclude Include="SceneController.hpp">
      <Filter>Scene</Filter>
    </ClInclude>
    <ClInclude Include="Pair.h">
      <Filter>Container</Filter>
    </ClInclude>
    <ClInclude Include="Pair.hpp">
      <Filter>Container</Filter>
    </ClInclude>
    <ClInclude Include="LinkedList.h">
      <Filter>Container</Filter>
    </ClInclude>
    <ClInclude Include="LinkedList.hpp">
      <Filter>Container</Filter>
    </ClInclude>
    <ClInclude Include="SceneSubSystem.h">
      <Filter>Scene</Filter>
    </ClInclude>
    <ClInclude Include="SceneSubSystem.hpp">
      <Filter>Scene</Filter>
    </ClInclude>
    <ClInclude Include="AppSubSystem.h">
      <Filter>App</Filter>
    </ClInclude>
    <ClInclude Include="AppSubSystem.hpp">
      <Filter>App</Filter>
    </ClInclude>
    <ClInclude Include="Interface.h">
      <Filter>Interface</Filter>
    </ClInclude>
    <ClInclude Include="BaseObject.h">
      <Filter>Object</Filter>
    </ClInclude>
    <ClInclude Include="StudentManagedAppllication.h">
      <Filter>Main\App</Filter>
    </ClInclude>
    <ClInclude Include="InputManager.h">
      <Filter>Main\App</Filter>
    </ClInclude>
    <ClInclude Include="SceneBase.h">
      <Filter>Main\Scene</Filter>
    </ClInclude>
    <ClInclude Include="SceneEntry.h">
      <Filter>Main\Scene</Filter>
    </ClInclude>
    <ClInclude Include="SceneLoading.h">
      <Filter>Main\Scene</Filter>
    </ClInclude>
    <ClInclude Include="SceneList.h">
      <Filter>Main\Scene</Filter>
    </ClInclude>
    <ClInclude Include="Subject.h">
      <Filter>Main\Student</Filter>
    </ClInclude>
    <ClInclude Include="Student.h">
      <Filter>Main\Student</Filter>
    </ClInclude>
    <ClInclude Include="StudentManager.h">
      <Filter>Main\Student</Filter>
    </ClInclude>
  </ItemGroup>
  <ItemGroup>
    <ClCompile Include="Main.cpp">
      <Filter>Main</Filter>
    </ClCompile>
    <ClCompile Include="BaseObject.cpp">
      <Filter>Object</Filter>
    </ClCompile>
    <ClCompile Include="SceneMain.cpp">
      <Filter>Main</Filter>
    </ClCompile>
    <ClCompile Include="StudentManagedApplication.cpp">
      <Filter>Main\App</Filter>
    </ClCompile>
    <ClCompile Include="InputManager.cpp">
      <Filter>Main\App</Filter>
    </ClCompile>
    <ClCompile Include="Subject.cpp">
      <Filter>Main\Student</Filter>
    </ClCompile>
    <ClCompile Include="Student.cpp">
      <Filter>Main\Student</Filter>
    </ClCompile>
  </ItemGroup>
</Project>