<?xml version="1.0" encoding="utf-8"?>
<Project ToolsVersion="4.0" xmlns="http://schemas.microsoft.com/developer/msbuild/2003">
  <ItemGroup>
    <Filter Include="소스 파일">
      <UniqueIdentifier>{4FC737F1-C7A5-4376-A066-2A32D752A2FF}</UniqueIdentifier>
      <Extensions>cpp;c;cc;cxx;c++;cppm;ixx;def;odl;idl;hpj;bat;asm;asmx</Extensions>
    </Filter>
    <Filter Include="헤더 파일">
      <UniqueIdentifier>{93995380-89BD-4b04-88EB-625FBE52EBFB}</UniqueIdentifier>
      <Extensions>h;hh;hpp;hxx;h++;hm;inl;inc;ipp;xsd</Extensions>
    </Filter>
    <Filter Include="리소스 파일">
      <UniqueIdentifier>{67DA6AB6-F800-4c08-8B7A-83BB121AAD01}</UniqueIdentifier>
      <Extensions>rc;ico;cur;bmp;dlg;rc2;rct;bin;rgs;gif;jpg;jpeg;jpe;resx;tiff;tif;png;wav;mfcribbon-ms</Extensions>
    </Filter>
    <Filter Include="FrameWork">
      <UniqueIdentifier>{1432026f-adbc-4b5d-a72b-95d496b0d565}</UniqueIdentifier>
    </Filter>
    <Filter Include="FrameWork\Game">
      <UniqueIdentifier>{3f6f6b05-ae65-4be0-9ba8-c088ff6bf474}</UniqueIdentifier>
    </Filter>
  </ItemGroup>
  <ItemGroup>
    <ClCompile Include="Vector.cpp">
      <Filter>FrameWork\Game</Filter>
    </ClCompile>
    <ClCompile Include="main.cpp">
      <Filter>소스 파일</Filter>
    </ClCompile>
    <ClCompile Include="Collison.cpp">
      <Filter>FrameWork\Game</Filter>
    </ClCompile>
    <ClCompile Include="SpacePartition.cpp">
      <Filter>FrameWork\Game</Filter>
    </ClCompile>
    <ClCompile Include="Node.cpp">
      <Filter>FrameWork\Game</Filter>
    </ClCompile>
    <ClCompile Include="Quadtree.cpp">
      <Filter>FrameWork\Game</Filter>
    </ClCompile>
    <ClCompile Include="Octree.cpp">
      <Filter>FrameWork\Game</Filter>
    </ClCompile>
    <ClCompile Include="GameObject.cpp">
      <Filter>FrameWork\Game</Filter>
    </ClCompile>
    <ClCompile Include="Player.cpp">
      <Filter>FrameWork\Game</Filter>
    </ClCompile>
    <ClCompile Include="Monster.cpp">
      <Filter>FrameWork\Game</Filter>
    </ClCompile>
    <ClCompile Include="GameApp.cpp">
      <Filter>FrameWork\Game</Filter>
    </ClCompile>
    <ClCompile Include="Missile.cpp">
      <Filter>FrameWork\Game</Filter>
    </ClCompile>
    <ClCompile Include="FrameSkip.cpp">
      <Filter>FrameWork\Game</Filter>
    </ClCompile>
    <ClCompile Include="InputHandler.cpp">
      <Filter>FrameWork\Game</Filter>
    </ClCompile>
    <ClCompile Include="Console.cpp">
      <Filter>FrameWork\Game</Filter>
    </ClCompile>
  </ItemGroup>
  <ItemGroup>
    <ClInclude Include="Vector.h">
      <Filter>FrameWork\Game</Filter>
    </ClInclude>
    <ClInclude Include="Collison.h">
      <Filter>FrameWork\Game</Filter>
    </ClInclude>
    <ClInclude Include="GameObject.h">
      <Filter>FrameWork\Game</Filter>
    </ClInclude>
    <ClInclude Include="SpacePartition.h">
      <Filter>FrameWork\Game</Filter>
    </ClInclude>
    <ClInclude Include="Node.h">
      <Filter>FrameWork\Game</Filter>
    </ClInclude>
    <ClInclude Include="Quadtree.h">
      <Filter>FrameWork\Game</Filter>
    </ClInclude>
    <ClInclude Include="Octree.h">
      <Filter>FrameWork\Game</Filter>
    </ClInclude>
    <ClInclude Include="Config.h">
      <Filter>FrameWork\Game</Filter>
    </ClInclude>
    <ClInclude Include="GameApp.h">
      <Filter>FrameWork\Game</Filter>
    </ClInclude>
    <ClInclude Include="Missile.h">
      <Filter>FrameWork\Game</Filter>
    </ClInclude>
    <ClInclude Include="Monster.h">
      <Filter>FrameWork\Game</Filter>
    </ClInclude>
    <ClInclude Include="Player.h">
      <Filter>FrameWork\Game</Filter>
    </ClInclude>
    <ClInclude Include="FrameSkip.h">
      <Filter>FrameWork\Game</Filter>
    </ClInclude>
    <ClInclude Include="Behaviors.h">
      <Filter>FrameWork\Game</Filter>
    </ClInclude>
    <ClInclude Include="InputHandler.h">
      <Filter>FrameWork\Game</Filter>
    </ClInclude>
    <ClInclude Include="Console.h">
      <Filter>FrameWork\Game</Filter>
    </ClInclude>
  </ItemGroup>
  <ItemGroup>
    <None Include="ClassDiagram.cd" />
  </ItemGroup>
</Project>