
Microsoft Visual Studio Solution File, Format Version 12.00
# Visual Studio Version 16
VisualStudioVersion = 16.0.32602.291
MinimumVisualStudioVersion = 10.0.40219.1
Project("{8BC9CEB8-8B4A-11D0-8D11-00A0C91BC942}") = "c_lang_1", "c_lang_1\c_lang_1.vcxproj", "{4FEB5BCE-372E-4314-8D09-03AE331690D0}"
EndProject
Project("{2150E333-8FDC-42A3-9474-1A3956D46DE8}") = "CLang", "CLang", "{51866FC6-3975-43B3-89CB-37630C52FFF9}"
EndProject
Project("{8BC9CEB8-8B4A-11D0-8D11-00A0C91BC942}") = "c_lang_0", "c_lang_0\c_lang_0.vcxproj", "{6B58EC42-395E-4740-A36D-E105DDF2E943}"
EndProject
Project("{8BC9CEB8-8B4A-11D0-8D11-00A0C91BC942}") = "HanoiTower", "HanoiTower\HanoiTower.vcxproj", "{2EB4185E-79DA-4CB2-85E8-372622557324}"
EndProject
Project("{8BC9CEB8-8B4A-11D0-8D11-00A0C91BC942}") = "Magic", "Magic\Magic.vcxproj", "{BDCBCB8C-FB3B-4C1E-B7CB-C86C2F211A46}"
EndProject
Project("{8BC9CEB8-8B4A-11D0-8D11-00A0C91BC942}") = "LinkedListLib", "LinkedListLib\LinkedListLib.vcxproj", "{C976F610-EB98-4CB3-A024-98EF6FB619D0}"
EndProject
Project("{8BC9CEB8-8B4A-11D0-8D11-00A0C91BC942}") = "Stack", "Stack\Stack.vcxproj", "{95963DED-39A8-450B-832B-99FFE20B109E}"
EndProject
Project("{8BC9CEB8-8B4A-11D0-8D11-00A0C91BC942}") = "Queue", "Queue\Queue.vcxproj", "{191FCA78-F030-49CE-9667-BD1944644EC9}"
EndProject
Project("{8BC9CEB8-8B4A-11D0-8D11-00A0C91BC942}") = "Test", "Test\Test.vcxproj", "{1B2074C6-6E26-4BC2-AF40-4507383055DC}"
EndProject
Project("{8BC9CEB8-8B4A-11D0-8D11-00A0C91BC942}") = "StudentManaged", "StudentManaged\StudentManaged.vcxproj", "{FF608017-83C7-44F9-BCB2-FE2473E21AAB}"
EndProject
Project("{2150E333-8FDC-42A3-9474-1A3956D46DE8}") = "DS", "DS", "{DAFFE065-60D4-4027-A4E4-31D98D14D0B9}"
EndProject
Project("{8BC9CEB8-8B4A-11D0-8D11-00A0C91BC942}") = "Quadtree_0", "Quadtree_0\Quadtree_0.vcxproj", "{9E707854-557B-418C-A21D-42A60A8F4FD6}"
EndProject
Project("{8BC9CEB8-8B4A-11D0-8D11-00A0C91BC942}") = "Quadtree_1", "Quadtree_1\Quadtree_1.vcxproj", "{AE073B7A-3EA8-4FB1-8748-B6E1B1F01625}"
EndProject
Project("{8BC9CEB8-8B4A-11D0-8D11-00A0C91BC942}") = "Quadtree", "Quadtree\Quadtree.vcxproj", "{6CCEDD06-B16D-4AA4-9C6D-F452A6ACFB31}"
EndProject
Project("{8BC9CEB8-8B4A-11D0-8D11-00A0C91BC942}") = "Quadtree_2", "Quadtree_2\Quadtree_2.vcxproj", "{99FC22CB-F56D-4349-AC1B-D221B3AA40E9}"
EndProject
Project("{8BC9CEB8-8B4A-11D0-8D11-00A0C91BC942}") = "Quadtree_3", "Quadtree_3\Quadtree_3.vcxproj", "{8473F3A2-4AC4-4C6F-B329-EFCE4C80E8C7}"
EndProject
Project("{8BC9CEB8-8B4A-11D0-8D11-00A0C91BC942}") = "Octree_0", "Octree_0\Octree_0.vcxproj", "{106C2994-5F4A-4418-BC31-26E33B464D3A}"
EndProject
Project("{8BC9CEB8-8B4A-11D0-8D11-00A0C91BC942}") = "CreateWindow", "CreateWindow\CreateWindow.vcxproj", "{F7A7D901-6741-4D29-A4B5-B644FA1647C5}"
EndProject
Project("{8BC9CEB8-8B4A-11D0-8D11-00A0C91BC942}") = "p2_CreateWIndow", "p2_CreateWIndow\p2_CreateWIndow.vcxproj", "{44456A65-A666-4A38-A799-2FC36C029B38}"
EndProject
Project("{8BC9CEB8-8B4A-11D0-8D11-00A0C91BC942}") = "GameAlgorithm", "GameAlgorithm\GameAlgorithm.vcxproj", "{9BB63F9B-D4EE-45DD-A3B4-0A1E0720D68F}"
EndProject
Project("{2150E333-8FDC-42A3-9474-1A3956D46DE8}") = "DirectX2D", "DirectX2D", "{7B31BBDA-42FA-4623-9C90-31509018304A}"
EndProject
Project("{8BC9CEB8-8B4A-11D0-8D11-00A0C91BC942}") = "CreateDevice", "CreateDevice\CreateDevice.vcxproj", "{398FB337-D5A1-4E84-A9B4-EB74722D6A12}"
EndProject
Project("{8BC9CEB8-8B4A-11D0-8D11-00A0C91BC942}") = "CreateDevice2", "CreateDevice2\CreateDevice2.vcxproj", "{A69EC869-D746-42C4-BC03-AAF045E332A2}"
EndProject
Project("{8BC9CEB8-8B4A-11D0-8D11-00A0C91BC942}") = "VertexBuffer", "VertexBuffer\VertexBuffer.vcxproj", "{3D84D49F-E034-40B1-AD5C-83CFAE5C2D73}"
EndProject
Project("{8BC9CEB8-8B4A-11D0-8D11-00A0C91BC942}") = "DrawOctree", "DrawOctree\DrawOctree.vcxproj", "{2FED282A-4FFA-4A3B-9774-9C412842F46D}"
EndProject
Project("{8BC9CEB8-8B4A-11D0-8D11-00A0C91BC942}") = "DrawOctree2", "DrawOctree2\DrawOctree2.vcxproj", "{807C69E0-BE9D-47D2-81BB-51241E558463}"
EndProject
Project("{8BC9CEB8-8B4A-11D0-8D11-00A0C91BC942}") = "0901Study", "0901Study\0901Study.vcxproj", "{7D552BFE-CAA6-412B-9256-B9C43DA6BF96}"
EndProject
Project("{8BC9CEB8-8B4A-11D0-8D11-00A0C91BC942}") = "DirectXTK_Desktop_2019", "DirectXTK-main\DirectXTK_Desktop_2019.vcxproj", "{E0B52AE7-E160-4D32-BF3F-910B785E5A8E}"
EndProject
Project("{8BC9CEB8-8B4A-11D0-8D11-00A0C91BC942}") = "0902GameCore", "0902GameCore\0902GameCore.vcxproj", "{15FD6A18-124C-4B61-AFB8-D8DB0BBDA783}"
EndProject
Project("{8BC9CEB8-8B4A-11D0-8D11-00A0C91BC942}") = "0905Study", "0905Study\0905Study.vcxproj", "{DD4D3534-D06D-43B8-A00F-9505955F2796}"
EndProject
Project("{8BC9CEB8-8B4A-11D0-8D11-00A0C91BC942}") = "0906Study", "0906Study\0906Study.vcxproj", "{1BCB938B-010E-44BE-BFF1-85E915B56B6D}"
EndProject
Project("{8BC9CEB8-8B4A-11D0-8D11-00A0C91BC942}") = "KSHCore", "KSHCore\KSHCore.vcxproj", "{EC3E7544-3D35-4EA4-90FB-CFFA0F753448}"
EndProject
Project("{8BC9CEB8-8B4A-11D0-8D11-00A0C91BC942}") = "KSHCoreSample", "KSHCoreSample\KSHCoreSample.vcxproj", "{2C2538BE-B2DB-4674-B8E0-6B5DB75BD9C8}"
EndProject
Project("{8BC9CEB8-8B4A-11D0-8D11-00A0C91BC942}") = "MovingEntity", "MovingEntity\MovingEntity.vcxproj", "{4E7427E1-681F-4AB2-82B6-367BC610E80A}"
EndProject
Project("{8BC9CEB8-8B4A-11D0-8D11-00A0C91BC942}") = "KSHCoreSampleObject", "KSHCoreSampleObject\KSHCoreSampleObject.vcxproj", "{9E9E72BA-0D44-4AE4-8C85-BB8417E08B35}"
EndProject
Project("{8BC9CEB8-8B4A-11D0-8D11-00A0C91BC942}") = "KSHCoreSampleSound", "KSHCoreSampleSound\KSHCoreSampleSound.vcxproj", "{5402582C-423E-42F6-96F7-BC9B2F650B15}"
EndProject
Project("{8BC9CEB8-8B4A-11D0-8D11-00A0C91BC942}") = "SampleSpriteManager", "SampleSpriteManager\SampleSpriteManager.vcxproj", "{3FB07FEA-3FBF-4D11-BD4F-529207F93C64}"
EndProject
Project("{8BC9CEB8-8B4A-11D0-8D11-00A0C91BC942}") = "CollisionTest", "CollisionTest\CollisionTest.vcxproj", "{B20D14BE-ED33-4EFF-9E0A-359ED808B61C}"
EndProject
Project("{8BC9CEB8-8B4A-11D0-8D11-00A0C91BC942}") = "VampireSurvival", "VampireSurvival\VampireSurvival.vcxproj", "{600632CE-9AAA-4662-B11E-D5442211AC39}"
EndProject
Project("{8BC9CEB8-8B4A-11D0-8D11-00A0C91BC942}") = "SmartPointer", "SmartPointer\SmartPointer.vcxproj", "{CDF06180-D065-4303-96D1-371127C331CF}"
EndProject
Project("{8BC9CEB8-8B4A-11D0-8D11-00A0C91BC942}") = "KSHCoreSample2", "KSHCoreSample2\KSHCoreSample2.vcxproj", "{279A25D8-A0B3-4983-B04E-1DE2E9EAA34B}"
EndProject
Project("{8BC9CEB8-8B4A-11D0-8D11-00A0C91BC942}") = "KSHCoreSample3", "KSHCoreSample3\KSHCoreSample3.vcxproj", "{BC6E2E50-701B-4527-90B0-0F81E903ED66}"
EndProject
Global
	GlobalSection(SolutionConfigurationPlatforms) = preSolution
		Debug|x64 = Debug|x64
		Debug|x86 = Debug|x86
		Release|x64 = Release|x64
		Release|x86 = Release|x86
	EndGlobalSection
	GlobalSection(ProjectConfigurationPlatforms) = postSolution
		{4FEB5BCE-372E-4314-8D09-03AE331690D0}.Debug|x64.ActiveCfg = Debug|x64
		{4FEB5BCE-372E-4314-8D09-03AE331690D0}.Debug|x64.Build.0 = Debug|x64
		{4FEB5BCE-372E-4314-8D09-03AE331690D0}.Debug|x86.ActiveCfg = Debug|Win32
		{4FEB5BCE-372E-4314-8D09-03AE331690D0}.Debug|x86.Build.0 = Debug|Win32
		{4FEB5BCE-372E-4314-8D09-03AE331690D0}.Release|x64.ActiveCfg = Release|x64
		{4FEB5BCE-372E-4314-8D09-03AE331690D0}.Release|x64.Build.0 = Release|x64
		{4FEB5BCE-372E-4314-8D09-03AE331690D0}.Release|x86.ActiveCfg = Release|Win32
		{4FEB5BCE-372E-4314-8D09-03AE331690D0}.Release|x86.Build.0 = Release|Win32
		{6B58EC42-395E-4740-A36D-E105DDF2E943}.Debug|x64.ActiveCfg = Debug|x64
		{6B58EC42-395E-4740-A36D-E105DDF2E943}.Debug|x64.Build.0 = Debug|x64
		{6B58EC42-395E-4740-A36D-E105DDF2E943}.Debug|x86.ActiveCfg = Debug|Win32
		{6B58EC42-395E-4740-A36D-E105DDF2E943}.Debug|x86.Build.0 = Debug|Win32
		{6B58EC42-395E-4740-A36D-E105DDF2E943}.Release|x64.ActiveCfg = Release|x64
		{6B58EC42-395E-4740-A36D-E105DDF2E943}.Release|x64.Build.0 = Release|x64
		{6B58EC42-395E-4740-A36D-E105DDF2E943}.Release|x86.ActiveCfg = Release|Win32
		{6B58EC42-395E-4740-A36D-E105DDF2E943}.Release|x86.Build.0 = Release|Win32
		{2EB4185E-79DA-4CB2-85E8-372622557324}.Debug|x64.ActiveCfg = Debug|x64
		{2EB4185E-79DA-4CB2-85E8-372622557324}.Debug|x64.Build.0 = Debug|x64
		{2EB4185E-79DA-4CB2-85E8-372622557324}.Debug|x86.ActiveCfg = Debug|Win32
		{2EB4185E-79DA-4CB2-85E8-372622557324}.Debug|x86.Build.0 = Debug|Win32
		{2EB4185E-79DA-4CB2-85E8-372622557324}.Release|x64.ActiveCfg = Release|x64
		{2EB4185E-79DA-4CB2-85E8-372622557324}.Release|x64.Build.0 = Release|x64
		{2EB4185E-79DA-4CB2-85E8-372622557324}.Release|x86.ActiveCfg = Release|Win32
		{2EB4185E-79DA-4CB2-85E8-372622557324}.Release|x86.Build.0 = Release|Win32
		{BDCBCB8C-FB3B-4C1E-B7CB-C86C2F211A46}.Debug|x64.ActiveCfg = Debug|x64
		{BDCBCB8C-FB3B-4C1E-B7CB-C86C2F211A46}.Debug|x64.Build.0 = Debug|x64
		{BDCBCB8C-FB3B-4C1E-B7CB-C86C2F211A46}.Debug|x86.ActiveCfg = Debug|Win32
		{BDCBCB8C-FB3B-4C1E-B7CB-C86C2F211A46}.Debug|x86.Build.0 = Debug|Win32
		{BDCBCB8C-FB3B-4C1E-B7CB-C86C2F211A46}.Release|x64.ActiveCfg = Release|x64
		{BDCBCB8C-FB3B-4C1E-B7CB-C86C2F211A46}.Release|x64.Build.0 = Release|x64
		{BDCBCB8C-FB3B-4C1E-B7CB-C86C2F211A46}.Release|x86.ActiveCfg = Release|Win32
		{BDCBCB8C-FB3B-4C1E-B7CB-C86C2F211A46}.Release|x86.Build.0 = Release|Win32
		{C976F610-EB98-4CB3-A024-98EF6FB619D0}.Debug|x64.ActiveCfg = Debug|x64
		{C976F610-EB98-4CB3-A024-98EF6FB619D0}.Debug|x64.Build.0 = Debug|x64
		{C976F610-EB98-4CB3-A024-98EF6FB619D0}.Debug|x86.ActiveCfg = Debug|Win32
		{C976F610-EB98-4CB3-A024-98EF6FB619D0}.Debug|x86.Build.0 = Debug|Win32
		{C976F610-EB98-4CB3-A024-98EF6FB619D0}.Release|x64.ActiveCfg = Release|x64
		{C976F610-EB98-4CB3-A024-98EF6FB619D0}.Release|x64.Build.0 = Release|x64
		{C976F610-EB98-4CB3-A024-98EF6FB619D0}.Release|x86.ActiveCfg = Release|Win32
		{C976F610-EB98-4CB3-A024-98EF6FB619D0}.Release|x86.Build.0 = Release|Win32
		{95963DED-39A8-450B-832B-99FFE20B109E}.Debug|x64.ActiveCfg = Debug|x64
		{95963DED-39A8-450B-832B-99FFE20B109E}.Debug|x64.Build.0 = Debug|x64
		{95963DED-39A8-450B-832B-99FFE20B109E}.Debug|x86.ActiveCfg = Debug|Win32
		{95963DED-39A8-450B-832B-99FFE20B109E}.Debug|x86.Build.0 = Debug|Win32
		{95963DED-39A8-450B-832B-99FFE20B109E}.Release|x64.ActiveCfg = Release|x64
		{95963DED-39A8-450B-832B-99FFE20B109E}.Release|x64.Build.0 = Release|x64
		{95963DED-39A8-450B-832B-99FFE20B109E}.Release|x86.ActiveCfg = Release|Win32
		{95963DED-39A8-450B-832B-99FFE20B109E}.Release|x86.Build.0 = Release|Win32
		{191FCA78-F030-49CE-9667-BD1944644EC9}.Debug|x64.ActiveCfg = Debug|x64
		{191FCA78-F030-49CE-9667-BD1944644EC9}.Debug|x64.Build.0 = Debug|x64
		{191FCA78-F030-49CE-9667-BD1944644EC9}.Debug|x86.ActiveCfg = Debug|Win32
		{191FCA78-F030-49CE-9667-BD1944644EC9}.Debug|x86.Build.0 = Debug|Win32
		{191FCA78-F030-49CE-9667-BD1944644EC9}.Release|x64.ActiveCfg = Release|x64
		{191FCA78-F030-49CE-9667-BD1944644EC9}.Release|x64.Build.0 = Release|x64
		{191FCA78-F030-49CE-9667-BD1944644EC9}.Release|x86.ActiveCfg = Release|Win32
		{191FCA78-F030-49CE-9667-BD1944644EC9}.Release|x86.Build.0 = Release|Win32
		{1B2074C6-6E26-4BC2-AF40-4507383055DC}.Debug|x64.ActiveCfg = Debug|x64
		{1B2074C6-6E26-4BC2-AF40-4507383055DC}.Debug|x64.Build.0 = Debug|x64
		{1B2074C6-6E26-4BC2-AF40-4507383055DC}.Debug|x86.ActiveCfg = Debug|Win32
		{1B2074C6-6E26-4BC2-AF40-4507383055DC}.Debug|x86.Build.0 = Debug|Win32
		{1B2074C6-6E26-4BC2-AF40-4507383055DC}.Release|x64.ActiveCfg = Release|x64
		{1B2074C6-6E26-4BC2-AF40-4507383055DC}.Release|x64.Build.0 = Release|x64
		{1B2074C6-6E26-4BC2-AF40-4507383055DC}.Release|x86.ActiveCfg = Release|Win32
		{1B2074C6-6E26-4BC2-AF40-4507383055DC}.Release|x86.Build.0 = Release|Win32
		{FF608017-83C7-44F9-BCB2-FE2473E21AAB}.Debug|x64.ActiveCfg = Debug|x64
		{FF608017-83C7-44F9-BCB2-FE2473E21AAB}.Debug|x64.Build.0 = Debug|x64
		{FF608017-83C7-44F9-BCB2-FE2473E21AAB}.Debug|x86.ActiveCfg = Debug|Win32
		{FF608017-83C7-44F9-BCB2-FE2473E21AAB}.Debug|x86.Build.0 = Debug|Win32
		{FF608017-83C7-44F9-BCB2-FE2473E21AAB}.Release|x64.ActiveCfg = Release|x64
		{FF608017-83C7-44F9-BCB2-FE2473E21AAB}.Release|x64.Build.0 = Release|x64
		{FF608017-83C7-44F9-BCB2-FE2473E21AAB}.Release|x86.ActiveCfg = Release|Win32
		{FF608017-83C7-44F9-BCB2-FE2473E21AAB}.Release|x86.Build.0 = Release|Win32
		{9E707854-557B-418C-A21D-42A60A8F4FD6}.Debug|x64.ActiveCfg = Debug|x64
		{9E707854-557B-418C-A21D-42A60A8F4FD6}.Debug|x64.Build.0 = Debug|x64
		{9E707854-557B-418C-A21D-42A60A8F4FD6}.Debug|x86.ActiveCfg = Debug|Win32
		{9E707854-557B-418C-A21D-42A60A8F4FD6}.Debug|x86.Build.0 = Debug|Win32
		{9E707854-557B-418C-A21D-42A60A8F4FD6}.Release|x64.ActiveCfg = Release|x64
		{9E707854-557B-418C-A21D-42A60A8F4FD6}.Release|x64.Build.0 = Release|x64
		{9E707854-557B-418C-A21D-42A60A8F4FD6}.Release|x86.ActiveCfg = Release|Win32
		{9E707854-557B-418C-A21D-42A60A8F4FD6}.Release|x86.Build.0 = Release|Win32
		{AE073B7A-3EA8-4FB1-8748-B6E1B1F01625}.Debug|x64.ActiveCfg = Debug|x64
		{AE073B7A-3EA8-4FB1-8748-B6E1B1F01625}.Debug|x64.Build.0 = Debug|x64
		{AE073B7A-3EA8-4FB1-8748-B6E1B1F01625}.Debug|x86.ActiveCfg = Debug|Win32
		{AE073B7A-3EA8-4FB1-8748-B6E1B1F01625}.Debug|x86.Build.0 = Debug|Win32
		{AE073B7A-3EA8-4FB1-8748-B6E1B1F01625}.Release|x64.ActiveCfg = Release|x64
		{AE073B7A-3EA8-4FB1-8748-B6E1B1F01625}.Release|x64.Build.0 = Release|x64
		{AE073B7A-3EA8-4FB1-8748-B6E1B1F01625}.Release|x86.ActiveCfg = Release|Win32
		{AE073B7A-3EA8-4FB1-8748-B6E1B1F01625}.Release|x86.Build.0 = Release|Win32
		{6CCEDD06-B16D-4AA4-9C6D-F452A6ACFB31}.Debug|x64.ActiveCfg = Debug|x64
		{6CCEDD06-B16D-4AA4-9C6D-F452A6ACFB31}.Debug|x64.Build.0 = Debug|x64
		{6CCEDD06-B16D-4AA4-9C6D-F452A6ACFB31}.Debug|x86.ActiveCfg = Debug|Win32
		{6CCEDD06-B16D-4AA4-9C6D-F452A6ACFB31}.Debug|x86.Build.0 = Debug|Win32
		{6CCEDD06-B16D-4AA4-9C6D-F452A6ACFB31}.Release|x64.ActiveCfg = Release|x64
		{6CCEDD06-B16D-4AA4-9C6D-F452A6ACFB31}.Release|x64.Build.0 = Release|x64
		{6CCEDD06-B16D-4AA4-9C6D-F452A6ACFB31}.Release|x86.ActiveCfg = Release|Win32
		{6CCEDD06-B16D-4AA4-9C6D-F452A6ACFB31}.Release|x86.Build.0 = Release|Win32
		{99FC22CB-F56D-4349-AC1B-D221B3AA40E9}.Debug|x64.ActiveCfg = Debug|x64
		{99FC22CB-F56D-4349-AC1B-D221B3AA40E9}.Debug|x64.Build.0 = Debug|x64
		{99FC22CB-F56D-4349-AC1B-D221B3AA40E9}.Debug|x86.ActiveCfg = Debug|Win32
		{99FC22CB-F56D-4349-AC1B-D221B3AA40E9}.Debug|x86.Build.0 = Debug|Win32
		{99FC22CB-F56D-4349-AC1B-D221B3AA40E9}.Release|x64.ActiveCfg = Release|x64
		{99FC22CB-F56D-4349-AC1B-D221B3AA40E9}.Release|x64.Build.0 = Release|x64
		{99FC22CB-F56D-4349-AC1B-D221B3AA40E9}.Release|x86.ActiveCfg = Release|Win32
		{99FC22CB-F56D-4349-AC1B-D221B3AA40E9}.Release|x86.Build.0 = Release|Win32
		{8473F3A2-4AC4-4C6F-B329-EFCE4C80E8C7}.Debug|x64.ActiveCfg = Debug|x64
		{8473F3A2-4AC4-4C6F-B329-EFCE4C80E8C7}.Debug|x64.Build.0 = Debug|x64
		{8473F3A2-4AC4-4C6F-B329-EFCE4C80E8C7}.Debug|x86.ActiveCfg = Debug|Win32
		{8473F3A2-4AC4-4C6F-B329-EFCE4C80E8C7}.Debug|x86.Build.0 = Debug|Win32
		{8473F3A2-4AC4-4C6F-B329-EFCE4C80E8C7}.Release|x64.ActiveCfg = Release|x64
		{8473F3A2-4AC4-4C6F-B329-EFCE4C80E8C7}.Release|x64.Build.0 = Release|x64
		{8473F3A2-4AC4-4C6F-B329-EFCE4C80E8C7}.Release|x86.ActiveCfg = Release|Win32
		{8473F3A2-4AC4-4C6F-B329-EFCE4C80E8C7}.Release|x86.Build.0 = Release|Win32
		{106C2994-5F4A-4418-BC31-26E33B464D3A}.Debug|x64.ActiveCfg = Debug|x64
		{106C2994-5F4A-4418-BC31-26E33B464D3A}.Debug|x64.Build.0 = Debug|x64
		{106C2994-5F4A-4418-BC31-26E33B464D3A}.Debug|x86.ActiveCfg = Debug|Win32
		{106C2994-5F4A-4418-BC31-26E33B464D3A}.Debug|x86.Build.0 = Debug|Win32
		{106C2994-5F4A-4418-BC31-26E33B464D3A}.Release|x64.ActiveCfg = Release|x64
		{106C2994-5F4A-4418-BC31-26E33B464D3A}.Release|x64.Build.0 = Release|x64
		{106C2994-5F4A-4418-BC31-26E33B464D3A}.Release|x86.ActiveCfg = Release|Win32
		{106C2994-5F4A-4418-BC31-26E33B464D3A}.Release|x86.Build.0 = Release|Win32
		{F7A7D901-6741-4D29-A4B5-B644FA1647C5}.Debug|x64.ActiveCfg = Debug|x64
		{F7A7D901-6741-4D29-A4B5-B644FA1647C5}.Debug|x64.Build.0 = Debug|x64
		{F7A7D901-6741-4D29-A4B5-B644FA1647C5}.Debug|x86.ActiveCfg = Debug|Win32
		{F7A7D901-6741-4D29-A4B5-B644FA1647C5}.Debug|x86.Build.0 = Debug|Win32
		{F7A7D901-6741-4D29-A4B5-B644FA1647C5}.Release|x64.ActiveCfg = Release|x64
		{F7A7D901-6741-4D29-A4B5-B644FA1647C5}.Release|x64.Build.0 = Release|x64
		{F7A7D901-6741-4D29-A4B5-B644FA1647C5}.Release|x86.ActiveCfg = Release|Win32
		{F7A7D901-6741-4D29-A4B5-B644FA1647C5}.Release|x86.Build.0 = Release|Win32
		{44456A65-A666-4A38-A799-2FC36C029B38}.Debug|x64.ActiveCfg = Debug|x64
		{44456A65-A666-4A38-A799-2FC36C029B38}.Debug|x64.Build.0 = Debug|x64
		{44456A65-A666-4A38-A799-2FC36C029B38}.Debug|x86.ActiveCfg = Debug|Win32
		{44456A65-A666-4A38-A799-2FC36C029B38}.Debug|x86.Build.0 = Debug|Win32
		{44456A65-A666-4A38-A799-2FC36C029B38}.Release|x64.ActiveCfg = Release|x64
		{44456A65-A666-4A38-A799-2FC36C029B38}.Release|x64.Build.0 = Release|x64
		{44456A65-A666-4A38-A799-2FC36C029B38}.Release|x86.ActiveCfg = Release|Win32
		{44456A65-A666-4A38-A799-2FC36C029B38}.Release|x86.Build.0 = Release|Win32
		{9BB63F9B-D4EE-45DD-A3B4-0A1E0720D68F}.Debug|x64.ActiveCfg = Debug|x64
		{9BB63F9B-D4EE-45DD-A3B4-0A1E0720D68F}.Debug|x64.Build.0 = Debug|x64
		{9BB63F9B-D4EE-45DD-A3B4-0A1E0720D68F}.Debug|x86.ActiveCfg = Debug|Win32
		{9BB63F9B-D4EE-45DD-A3B4-0A1E0720D68F}.Debug|x86.Build.0 = Debug|Win32
		{9BB63F9B-D4EE-45DD-A3B4-0A1E0720D68F}.Release|x64.ActiveCfg = Release|x64
		{9BB63F9B-D4EE-45DD-A3B4-0A1E0720D68F}.Release|x64.Build.0 = Release|x64
		{9BB63F9B-D4EE-45DD-A3B4-0A1E0720D68F}.Release|x86.ActiveCfg = Release|Win32
		{9BB63F9B-D4EE-45DD-A3B4-0A1E0720D68F}.Release|x86.Build.0 = Release|Win32
		{398FB337-D5A1-4E84-A9B4-EB74722D6A12}.Debug|x64.ActiveCfg = Debug|x64
		{398FB337-D5A1-4E84-A9B4-EB74722D6A12}.Debug|x64.Build.0 = Debug|x64
		{398FB337-D5A1-4E84-A9B4-EB74722D6A12}.Debug|x86.ActiveCfg = Debug|Win32
		{398FB337-D5A1-4E84-A9B4-EB74722D6A12}.Debug|x86.Build.0 = Debug|Win32
		{398FB337-D5A1-4E84-A9B4-EB74722D6A12}.Release|x64.ActiveCfg = Release|x64
		{398FB337-D5A1-4E84-A9B4-EB74722D6A12}.Release|x64.Build.0 = Release|x64
		{398FB337-D5A1-4E84-A9B4-EB74722D6A12}.Release|x86.ActiveCfg = Release|Win32
		{398FB337-D5A1-4E84-A9B4-EB74722D6A12}.Release|x86.Build.0 = Release|Win32
		{A69EC869-D746-42C4-BC03-AAF045E332A2}.Debug|x64.ActiveCfg = Debug|x64
		{A69EC869-D746-42C4-BC03-AAF045E332A2}.Debug|x64.Build.0 = Debug|x64
		{A69EC869-D746-42C4-BC03-AAF045E332A2}.Debug|x86.ActiveCfg = Debug|Win32
		{A69EC869-D746-42C4-BC03-AAF045E332A2}.Debug|x86.Build.0 = Debug|Win32
		{A69EC869-D746-42C4-BC03-AAF045E332A2}.Release|x64.ActiveCfg = Release|x64
		{A69EC869-D746-42C4-BC03-AAF045E332A2}.Release|x64.Build.0 = Release|x64
		{A69EC869-D746-42C4-BC03-AAF045E332A2}.Release|x86.ActiveCfg = Release|Win32
		{A69EC869-D746-42C4-BC03-AAF045E332A2}.Release|x86.Build.0 = Release|Win32
		{3D84D49F-E034-40B1-AD5C-83CFAE5C2D73}.Debug|x64.ActiveCfg = Debug|x64
		{3D84D49F-E034-40B1-AD5C-83CFAE5C2D73}.Debug|x64.Build.0 = Debug|x64
		{3D84D49F-E034-40B1-AD5C-83CFAE5C2D73}.Debug|x86.ActiveCfg = Debug|Win32
		{3D84D49F-E034-40B1-AD5C-83CFAE5C2D73}.Debug|x86.Build.0 = Debug|Win32
		{3D84D49F-E034-40B1-AD5C-83CFAE5C2D73}.Release|x64.ActiveCfg = Release|x64
		{3D84D49F-E034-40B1-AD5C-83CFAE5C2D73}.Release|x64.Build.0 = Release|x64
		{3D84D49F-E034-40B1-AD5C-83CFAE5C2D73}.Release|x86.ActiveCfg = Release|Win32
		{3D84D49F-E034-40B1-AD5C-83CFAE5C2D73}.Release|x86.Build.0 = Release|Win32
		{2FED282A-4FFA-4A3B-9774-9C412842F46D}.Debug|x64.ActiveCfg = Debug|x64
		{2FED282A-4FFA-4A3B-9774-9C412842F46D}.Debug|x64.Build.0 = Debug|x64
		{2FED282A-4FFA-4A3B-9774-9C412842F46D}.Debug|x86.ActiveCfg = Debug|Win32
		{2FED282A-4FFA-4A3B-9774-9C412842F46D}.Debug|x86.Build.0 = Debug|Win32
		{2FED282A-4FFA-4A3B-9774-9C412842F46D}.Release|x64.ActiveCfg = Release|x64
		{2FED282A-4FFA-4A3B-9774-9C412842F46D}.Release|x64.Build.0 = Release|x64
		{2FED282A-4FFA-4A3B-9774-9C412842F46D}.Release|x86.ActiveCfg = Release|Win32
		{2FED282A-4FFA-4A3B-9774-9C412842F46D}.Release|x86.Build.0 = Release|Win32
		{807C69E0-BE9D-47D2-81BB-51241E558463}.Debug|x64.ActiveCfg = Debug|x64
		{807C69E0-BE9D-47D2-81BB-51241E558463}.Debug|x64.Build.0 = Debug|x64
		{807C69E0-BE9D-47D2-81BB-51241E558463}.Debug|x86.ActiveCfg = Debug|Win32
		{807C69E0-BE9D-47D2-81BB-51241E558463}.Debug|x86.Build.0 = Debug|Win32
		{807C69E0-BE9D-47D2-81BB-51241E558463}.Release|x64.ActiveCfg = Release|x64
		{807C69E0-BE9D-47D2-81BB-51241E558463}.Release|x64.Build.0 = Release|x64
		{807C69E0-BE9D-47D2-81BB-51241E558463}.Release|x86.ActiveCfg = Release|Win32
		{807C69E0-BE9D-47D2-81BB-51241E558463}.Release|x86.Build.0 = Release|Win32
		{7D552BFE-CAA6-412B-9256-B9C43DA6BF96}.Debug|x64.ActiveCfg = Debug|x64
		{7D552BFE-CAA6-412B-9256-B9C43DA6BF96}.Debug|x64.Build.0 = Debug|x64
		{7D552BFE-CAA6-412B-9256-B9C43DA6BF96}.Debug|x86.ActiveCfg = Debug|Win32
		{7D552BFE-CAA6-412B-9256-B9C43DA6BF96}.Debug|x86.Build.0 = Debug|Win32
		{7D552BFE-CAA6-412B-9256-B9C43DA6BF96}.Release|x64.ActiveCfg = Release|x64
		{7D552BFE-CAA6-412B-9256-B9C43DA6BF96}.Release|x64.Build.0 = Release|x64
		{7D552BFE-CAA6-412B-9256-B9C43DA6BF96}.Release|x86.ActiveCfg = Release|Win32
		{7D552BFE-CAA6-412B-9256-B9C43DA6BF96}.Release|x86.Build.0 = Release|Win32
		{E0B52AE7-E160-4D32-BF3F-910B785E5A8E}.Debug|x64.ActiveCfg = Debug|x64
		{E0B52AE7-E160-4D32-BF3F-910B785E5A8E}.Debug|x64.Build.0 = Debug|x64
		{E0B52AE7-E160-4D32-BF3F-910B785E5A8E}.Debug|x86.ActiveCfg = Debug|Win32
		{E0B52AE7-E160-4D32-BF3F-910B785E5A8E}.Debug|x86.Build.0 = Debug|Win32
		{E0B52AE7-E160-4D32-BF3F-910B785E5A8E}.Release|x64.ActiveCfg = Release|x64
		{E0B52AE7-E160-4D32-BF3F-910B785E5A8E}.Release|x64.Build.0 = Release|x64
		{E0B52AE7-E160-4D32-BF3F-910B785E5A8E}.Release|x86.ActiveCfg = Release|Win32
		{E0B52AE7-E160-4D32-BF3F-910B785E5A8E}.Release|x86.Build.0 = Release|Win32
		{15FD6A18-124C-4B61-AFB8-D8DB0BBDA783}.Debug|x64.ActiveCfg = Debug|x64
		{15FD6A18-124C-4B61-AFB8-D8DB0BBDA783}.Debug|x64.Build.0 = Debug|x64
		{15FD6A18-124C-4B61-AFB8-D8DB0BBDA783}.Debug|x86.ActiveCfg = Debug|Win32
		{15FD6A18-124C-4B61-AFB8-D8DB0BBDA783}.Debug|x86.Build.0 = Debug|Win32
		{15FD6A18-124C-4B61-AFB8-D8DB0BBDA783}.Release|x64.ActiveCfg = Release|x64
		{15FD6A18-124C-4B61-AFB8-D8DB0BBDA783}.Release|x64.Build.0 = Release|x64
		{15FD6A18-124C-4B61-AFB8-D8DB0BBDA783}.Release|x86.ActiveCfg = Release|Win32
		{15FD6A18-124C-4B61-AFB8-D8DB0BBDA783}.Release|x86.Build.0 = Release|Win32
		{DD4D3534-D06D-43B8-A00F-9505955F2796}.Debug|x64.ActiveCfg = Debug|x64
		{DD4D3534-D06D-43B8-A00F-9505955F2796}.Debug|x64.Build.0 = Debug|x64
		{DD4D3534-D06D-43B8-A00F-9505955F2796}.Debug|x86.ActiveCfg = Debug|Win32
		{DD4D3534-D06D-43B8-A00F-9505955F2796}.Debug|x86.Build.0 = Debug|Win32
		{DD4D3534-D06D-43B8-A00F-9505955F2796}.Release|x64.ActiveCfg = Release|x64
		{DD4D3534-D06D-43B8-A00F-9505955F2796}.Release|x64.Build.0 = Release|x64
		{DD4D3534-D06D-43B8-A00F-9505955F2796}.Release|x86.ActiveCfg = Release|Win32
		{DD4D3534-D06D-43B8-A00F-9505955F2796}.Release|x86.Build.0 = Release|Win32
		{1BCB938B-010E-44BE-BFF1-85E915B56B6D}.Debug|x64.ActiveCfg = Debug|x64
		{1BCB938B-010E-44BE-BFF1-85E915B56B6D}.Debug|x64.Build.0 = Debug|x64
		{1BCB938B-010E-44BE-BFF1-85E915B56B6D}.Debug|x86.ActiveCfg = Debug|Win32
		{1BCB938B-010E-44BE-BFF1-85E915B56B6D}.Debug|x86.Build.0 = Debug|Win32
		{1BCB938B-010E-44BE-BFF1-85E915B56B6D}.Release|x64.ActiveCfg = Release|x64
		{1BCB938B-010E-44BE-BFF1-85E915B56B6D}.Release|x64.Build.0 = Release|x64
		{1BCB938B-010E-44BE-BFF1-85E915B56B6D}.Release|x86.ActiveCfg = Release|Win32
		{1BCB938B-010E-44BE-BFF1-85E915B56B6D}.Release|x86.Build.0 = Release|Win32
		{EC3E7544-3D35-4EA4-90FB-CFFA0F753448}.Debug|x64.ActiveCfg = Debug|x64
		{EC3E7544-3D35-4EA4-90FB-CFFA0F753448}.Debug|x64.Build.0 = Debug|x64
		{EC3E7544-3D35-4EA4-90FB-CFFA0F753448}.Debug|x86.ActiveCfg = Debug|Win32
		{EC3E7544-3D35-4EA4-90FB-CFFA0F753448}.Debug|x86.Build.0 = Debug|Win32
		{EC3E7544-3D35-4EA4-90FB-CFFA0F753448}.Release|x64.ActiveCfg = Release|x64
		{EC3E7544-3D35-4EA4-90FB-CFFA0F753448}.Release|x64.Build.0 = Release|x64
		{EC3E7544-3D35-4EA4-90FB-CFFA0F753448}.Release|x86.ActiveCfg = Release|Win32
		{EC3E7544-3D35-4EA4-90FB-CFFA0F753448}.Release|x86.Build.0 = Release|Win32
		{2C2538BE-B2DB-4674-B8E0-6B5DB75BD9C8}.Debug|x64.ActiveCfg = Debug|x64
		{2C2538BE-B2DB-4674-B8E0-6B5DB75BD9C8}.Debug|x64.Build.0 = Debug|x64
		{2C2538BE-B2DB-4674-B8E0-6B5DB75BD9C8}.Debug|x86.ActiveCfg = Debug|Win32
		{2C2538BE-B2DB-4674-B8E0-6B5DB75BD9C8}.Debug|x86.Build.0 = Debug|Win32
		{2C2538BE-B2DB-4674-B8E0-6B5DB75BD9C8}.Release|x64.ActiveCfg = Release|x64
		{2C2538BE-B2DB-4674-B8E0-6B5DB75BD9C8}.Release|x64.Build.0 = Release|x64
		{2C2538BE-B2DB-4674-B8E0-6B5DB75BD9C8}.Release|x86.ActiveCfg = Release|Win32
		{2C2538BE-B2DB-4674-B8E0-6B5DB75BD9C8}.Release|x86.Build.0 = Release|Win32
		{4E7427E1-681F-4AB2-82B6-367BC610E80A}.Debug|x64.ActiveCfg = Debug|x64
		{4E7427E1-681F-4AB2-82B6-367BC610E80A}.Debug|x64.Build.0 = Debug|x64
		{4E7427E1-681F-4AB2-82B6-367BC610E80A}.Debug|x86.ActiveCfg = Debug|Win32
		{4E7427E1-681F-4AB2-82B6-367BC610E80A}.Debug|x86.Build.0 = Debug|Win32
		{4E7427E1-681F-4AB2-82B6-367BC610E80A}.Release|x64.ActiveCfg = Release|x64
		{4E7427E1-681F-4AB2-82B6-367BC610E80A}.Release|x64.Build.0 = Release|x64
		{4E7427E1-681F-4AB2-82B6-367BC610E80A}.Release|x86.ActiveCfg = Release|Win32
		{4E7427E1-681F-4AB2-82B6-367BC610E80A}.Release|x86.Build.0 = Release|Win32
		{9E9E72BA-0D44-4AE4-8C85-BB8417E08B35}.Debug|x64.ActiveCfg = Debug|x64
		{9E9E72BA-0D44-4AE4-8C85-BB8417E08B35}.Debug|x64.Build.0 = Debug|x64
		{9E9E72BA-0D44-4AE4-8C85-BB8417E08B35}.Debug|x86.ActiveCfg = Debug|Win32
		{9E9E72BA-0D44-4AE4-8C85-BB8417E08B35}.Debug|x86.Build.0 = Debug|Win32
		{9E9E72BA-0D44-4AE4-8C85-BB8417E08B35}.Release|x64.ActiveCfg = Release|x64
		{9E9E72BA-0D44-4AE4-8C85-BB8417E08B35}.Release|x64.Build.0 = Release|x64
		{9E9E72BA-0D44-4AE4-8C85-BB8417E08B35}.Release|x86.ActiveCfg = Release|Win32
		{9E9E72BA-0D44-4AE4-8C85-BB8417E08B35}.Release|x86.Build.0 = Release|Win32
		{5402582C-423E-42F6-96F7-BC9B2F650B15}.Debug|x64.ActiveCfg = Debug|x64
		{5402582C-423E-42F6-96F7-BC9B2F650B15}.Debug|x64.Build.0 = Debug|x64
		{5402582C-423E-42F6-96F7-BC9B2F650B15}.Debug|x86.ActiveCfg = Debug|Win32
		{5402582C-423E-42F6-96F7-BC9B2F650B15}.Debug|x86.Build.0 = Debug|Win32
		{5402582C-423E-42F6-96F7-BC9B2F650B15}.Release|x64.ActiveCfg = Release|x64
		{5402582C-423E-42F6-96F7-BC9B2F650B15}.Release|x64.Build.0 = Release|x64
		{5402582C-423E-42F6-96F7-BC9B2F650B15}.Release|x86.ActiveCfg = Release|Win32
		{5402582C-423E-42F6-96F7-BC9B2F650B15}.Release|x86.Build.0 = Release|Win32
		{3FB07FEA-3FBF-4D11-BD4F-529207F93C64}.Debug|x64.ActiveCfg = Debug|x64
		{3FB07FEA-3FBF-4D11-BD4F-529207F93C64}.Debug|x64.Build.0 = Debug|x64
		{3FB07FEA-3FBF-4D11-BD4F-529207F93C64}.Debug|x86.ActiveCfg = Debug|Win32
		{3FB07FEA-3FBF-4D11-BD4F-529207F93C64}.Debug|x86.Build.0 = Debug|Win32
		{3FB07FEA-3FBF-4D11-BD4F-529207F93C64}.Release|x64.ActiveCfg = Release|x64
		{3FB07FEA-3FBF-4D11-BD4F-529207F93C64}.Release|x64.Build.0 = Release|x64
		{3FB07FEA-3FBF-4D11-BD4F-529207F93C64}.Release|x86.ActiveCfg = Release|Win32
		{3FB07FEA-3FBF-4D11-BD4F-529207F93C64}.Release|x86.Build.0 = Release|Win32
		{B20D14BE-ED33-4EFF-9E0A-359ED808B61C}.Debug|x64.ActiveCfg = Debug|x64
		{B20D14BE-ED33-4EFF-9E0A-359ED808B61C}.Debug|x64.Build.0 = Debug|x64
		{B20D14BE-ED33-4EFF-9E0A-359ED808B61C}.Debug|x86.ActiveCfg = Debug|Win32
		{B20D14BE-ED33-4EFF-9E0A-359ED808B61C}.Debug|x86.Build.0 = Debug|Win32
		{B20D14BE-ED33-4EFF-9E0A-359ED808B61C}.Release|x64.ActiveCfg = Release|x64
		{B20D14BE-ED33-4EFF-9E0A-359ED808B61C}.Release|x64.Build.0 = Release|x64
		{B20D14BE-ED33-4EFF-9E0A-359ED808B61C}.Release|x86.ActiveCfg = Release|Win32
		{B20D14BE-ED33-4EFF-9E0A-359ED808B61C}.Release|x86.Build.0 = Release|Win32
		{600632CE-9AAA-4662-B11E-D5442211AC39}.Debug|x64.ActiveCfg = Debug|x64
		{600632CE-9AAA-4662-B11E-D5442211AC39}.Debug|x64.Build.0 = Debug|x64
		{600632CE-9AAA-4662-B11E-D5442211AC39}.Debug|x86.ActiveCfg = Debug|Win32
		{600632CE-9AAA-4662-B11E-D5442211AC39}.Debug|x86.Build.0 = Debug|Win32
		{600632CE-9AAA-4662-B11E-D5442211AC39}.Release|x64.ActiveCfg = Release|x64
		{600632CE-9AAA-4662-B11E-D5442211AC39}.Release|x64.Build.0 = Release|x64
		{600632CE-9AAA-4662-B11E-D5442211AC39}.Release|x86.ActiveCfg = Release|Win32
		{600632CE-9AAA-4662-B11E-D5442211AC39}.Release|x86.Build.0 = Release|Win32
		{CDF06180-D065-4303-96D1-371127C331CF}.Debug|x64.ActiveCfg = Debug|x64
		{CDF06180-D065-4303-96D1-371127C331CF}.Debug|x64.Build.0 = Debug|x64
		{CDF06180-D065-4303-96D1-371127C331CF}.Debug|x86.ActiveCfg = Debug|Win32
		{CDF06180-D065-4303-96D1-371127C331CF}.Debug|x86.Build.0 = Debug|Win32
		{CDF06180-D065-4303-96D1-371127C331CF}.Release|x64.ActiveCfg = Release|x64
		{CDF06180-D065-4303-96D1-371127C331CF}.Release|x64.Build.0 = Release|x64
		{CDF06180-D065-4303-96D1-371127C331CF}.Release|x86.ActiveCfg = Release|Win32
		{CDF06180-D065-4303-96D1-371127C331CF}.Release|x86.Build.0 = Release|Win32
		{279A25D8-A0B3-4983-B04E-1DE2E9EAA34B}.Debug|x64.ActiveCfg = Debug|x64
		{279A25D8-A0B3-4983-B04E-1DE2E9EAA34B}.Debug|x64.Build.0 = Debug|x64
		{279A25D8-A0B3-4983-B04E-1DE2E9EAA34B}.Debug|x86.ActiveCfg = Debug|Win32
		{279A25D8-A0B3-4983-B04E-1DE2E9EAA34B}.Debug|x86.Build.0 = Debug|Win32
		{279A25D8-A0B3-4983-B04E-1DE2E9EAA34B}.Release|x64.ActiveCfg = Release|x64
		{279A25D8-A0B3-4983-B04E-1DE2E9EAA34B}.Release|x64.Build.0 = Release|x64
		{279A25D8-A0B3-4983-B04E-1DE2E9EAA34B}.Release|x86.ActiveCfg = Release|Win32
		{279A25D8-A0B3-4983-B04E-1DE2E9EAA34B}.Release|x86.Build.0 = Release|Win32
		{BC6E2E50-701B-4527-90B0-0F81E903ED66}.Debug|x64.ActiveCfg = Debug|x64
		{BC6E2E50-701B-4527-90B0-0F81E903ED66}.Debug|x64.Build.0 = Debug|x64
		{BC6E2E50-701B-4527-90B0-0F81E903ED66}.Debug|x86.ActiveCfg = Debug|Win32
		{BC6E2E50-701B-4527-90B0-0F81E903ED66}.Debug|x86.Build.0 = Debug|Win32
		{BC6E2E50-701B-4527-90B0-0F81E903ED66}.Release|x64.ActiveCfg = Release|x64
		{BC6E2E50-701B-4527-90B0-0F81E903ED66}.Release|x64.Build.0 = Release|x64
		{BC6E2E50-701B-4527-90B0-0F81E903ED66}.Release|x86.ActiveCfg = Release|Win32
		{BC6E2E50-701B-4527-90B0-0F81E903ED66}.Release|x86.Build.0 = Release|Win32
	EndGlobalSection
	GlobalSection(SolutionProperties) = preSolution
		HideSolutionNode = FALSE
	EndGlobalSection
	GlobalSection(NestedProjects) = preSolution
		{4FEB5BCE-372E-4314-8D09-03AE331690D0} = {51866FC6-3975-43B3-89CB-37630C52FFF9}
		{6B58EC42-395E-4740-A36D-E105DDF2E943} = {51866FC6-3975-43B3-89CB-37630C52FFF9}
		{2EB4185E-79DA-4CB2-85E8-372622557324} = {51866FC6-3975-43B3-89CB-37630C52FFF9}
		{BDCBCB8C-FB3B-4C1E-B7CB-C86C2F211A46} = {51866FC6-3975-43B3-89CB-37630C52FFF9}
		{C976F610-EB98-4CB3-A024-98EF6FB619D0} = {51866FC6-3975-43B3-89CB-37630C52FFF9}
		{95963DED-39A8-450B-832B-99FFE20B109E} = {51866FC6-3975-43B3-89CB-37630C52FFF9}
		{191FCA78-F030-49CE-9667-BD1944644EC9} = {51866FC6-3975-43B3-89CB-37630C52FFF9}
		{1B2074C6-6E26-4BC2-AF40-4507383055DC} = {51866FC6-3975-43B3-89CB-37630C52FFF9}
		{FF608017-83C7-44F9-BCB2-FE2473E21AAB} = {51866FC6-3975-43B3-89CB-37630C52FFF9}
		{9E707854-557B-418C-A21D-42A60A8F4FD6} = {DAFFE065-60D4-4027-A4E4-31D98D14D0B9}
		{AE073B7A-3EA8-4FB1-8748-B6E1B1F01625} = {DAFFE065-60D4-4027-A4E4-31D98D14D0B9}
		{6CCEDD06-B16D-4AA4-9C6D-F452A6ACFB31} = {DAFFE065-60D4-4027-A4E4-31D98D14D0B9}
		{99FC22CB-F56D-4349-AC1B-D221B3AA40E9} = {DAFFE065-60D4-4027-A4E4-31D98D14D0B9}
		{8473F3A2-4AC4-4C6F-B329-EFCE4C80E8C7} = {DAFFE065-60D4-4027-A4E4-31D98D14D0B9}
		{106C2994-5F4A-4418-BC31-26E33B464D3A} = {DAFFE065-60D4-4027-A4E4-31D98D14D0B9}
		{F7A7D901-6741-4D29-A4B5-B644FA1647C5} = {DAFFE065-60D4-4027-A4E4-31D98D14D0B9}
		{44456A65-A666-4A38-A799-2FC36C029B38} = {DAFFE065-60D4-4027-A4E4-31D98D14D0B9}
		{9BB63F9B-D4EE-45DD-A3B4-0A1E0720D68F} = {DAFFE065-60D4-4027-A4E4-31D98D14D0B9}
		{398FB337-D5A1-4E84-A9B4-EB74722D6A12} = {7B31BBDA-42FA-4623-9C90-31509018304A}
		{A69EC869-D746-42C4-BC03-AAF045E332A2} = {7B31BBDA-42FA-4623-9C90-31509018304A}
		{3D84D49F-E034-40B1-AD5C-83CFAE5C2D73} = {7B31BBDA-42FA-4623-9C90-31509018304A}
		{2FED282A-4FFA-4A3B-9774-9C412842F46D} = {7B31BBDA-42FA-4623-9C90-31509018304A}
		{807C69E0-BE9D-47D2-81BB-51241E558463} = {7B31BBDA-42FA-4623-9C90-31509018304A}
		{7D552BFE-CAA6-412B-9256-B9C43DA6BF96} = {7B31BBDA-42FA-4623-9C90-31509018304A}
		{15FD6A18-124C-4B61-AFB8-D8DB0BBDA783} = {7B31BBDA-42FA-4623-9C90-31509018304A}
		{DD4D3534-D06D-43B8-A00F-9505955F2796} = {7B31BBDA-42FA-4623-9C90-31509018304A}
		{1BCB938B-010E-44BE-BFF1-85E915B56B6D} = {7B31BBDA-42FA-4623-9C90-31509018304A}
		{EC3E7544-3D35-4EA4-90FB-CFFA0F753448} = {7B31BBDA-42FA-4623-9C90-31509018304A}
		{2C2538BE-B2DB-4674-B8E0-6B5DB75BD9C8} = {7B31BBDA-42FA-4623-9C90-31509018304A}
		{4E7427E1-681F-4AB2-82B6-367BC610E80A} = {7B31BBDA-42FA-4623-9C90-31509018304A}
		{9E9E72BA-0D44-4AE4-8C85-BB8417E08B35} = {7B31BBDA-42FA-4623-9C90-31509018304A}
		{5402582C-423E-42F6-96F7-BC9B2F650B15} = {7B31BBDA-42FA-4623-9C90-31509018304A}
		{3FB07FEA-3FBF-4D11-BD4F-529207F93C64} = {7B31BBDA-42FA-4623-9C90-31509018304A}
		{B20D14BE-ED33-4EFF-9E0A-359ED808B61C} = {7B31BBDA-42FA-4623-9C90-31509018304A}
		{600632CE-9AAA-4662-B11E-D5442211AC39} = {7B31BBDA-42FA-4623-9C90-31509018304A}
		{CDF06180-D065-4303-96D1-371127C331CF} = {7B31BBDA-42FA-4623-9C90-31509018304A}
		{279A25D8-A0B3-4983-B04E-1DE2E9EAA34B} = {7B31BBDA-42FA-4623-9C90-31509018304A}
		{BC6E2E50-701B-4527-90B0-0F81E903ED66} = {7B31BBDA-42FA-4623-9C90-31509018304A}
	EndGlobalSection
	GlobalSection(ExtensibilityGlobals) = postSolution
		SolutionGuid = {74FCF4AF-8561-4B5E-9CB0-18F23DD44ACE}
	EndGlobalSection
EndGlobal
